Microsoft Visual Studio Solution File, Format Version 12.00
# Visual Studio Version 17
VisualStudioVersion = 17.5.2.0
MinimumVisualStudioVersion = 10.0.40219.1
Project("{FAE04EC0-301F-11D3-BF4B-00C04F79EFBC}") = "MarauderMap", "MarauderMap.csproj", "{DFC5697B-34C3-225B-6E8C-4F727C35FA19}"
EndProject
Global
	GlobalSection(SolutionConfigurationPlatforms) = preSolution
		Debug|Any CPU = Debug|Any CPU
		Release|Any CPU = Release|Any CPU
	EndGlobalSection
	GlobalSection(ProjectConfigurationPlatforms) = postSolution
		{DFC5697B-34C3-225B-6E8C-4F727C35FA19}.Debug|Any CPU.ActiveCfg = Debug|Any CPU
		{DFC5697B-34C3-225B-6E8C-4F727C35FA19}.Debug|Any CPU.Build.0 = Debug|Any CPU
		{DFC5697B-34C3-225B-6E8C-4F727C35FA19}.Release|Any CPU.ActiveCfg = Release|Any CPU
		{DFC5697B-34C3-225B-6E8C-4F727C35FA19}.Release|Any CPU.Build.0 = Release|Any CPU
	EndGlobalSection
	GlobalSection(SolutionProperties) = preSolution
		HideSolutionNode = FALSE
	EndGlobalSection
	GlobalSection(ExtensibilityGlobals) = postSolution
		SolutionGuid = {0172A8C7-83EA-4E26-80EA-A50A38B81F1C}
	EndGlobalSection
EndGlobal
